
Microsoft Visual Studio Solution File, Format Version 12.00
# Visual Studio Version 17
VisualStudioVersion = 17.6.33829.357
MinimumVisualStudioVersion = 10.0.40219.1
Project("{9A19103F-16F7-4668-BE54-9A1E7A4F7556}") = "EmployeeManagement.API", "EmployeeManagement.API\EmployeeManagement.API.csproj", "{1B57CA1C-DA5E-45A4-8B7E-1B2017BB2C09}"
EndProject
Project("{9A19103F-16F7-4668-BE54-9A1E7A4F7556}") = "EmployeeManagement.IntegrationTest", "EmployeeManagement.IntegrationTest\EmployeeManagement.IntegrationTest.csproj", "{8F3AA2FC-5AE9-40D2-AC37-8A835DBA0FD4}"
EndProject
Project("{FAE04EC0-301F-11D3-BF4B-00C04F79EFBC}") = "EmployeeManagement.Application", "EmployeeManagement.Application\EmployeeManagement.Application.csproj", "{23FCAA9E-0AC8-48BC-9C8B-F2F7DC888FC5}"
EndProject
Global
	GlobalSection(SolutionConfigurationPlatforms) = preSolution
		Debug|Any CPU = Debug|Any CPU
		Release|Any CPU = Release|Any CPU
	EndGlobalSection
	GlobalSection(ProjectConfigurationPlatforms) = postSolution
		{1B57CA1C-DA5E-45A4-8B7E-1B2017BB2C09}.Debug|Any CPU.ActiveCfg = Debug|Any CPU
		{1B57CA1C-DA5E-45A4-8B7E-1B2017BB2C09}.Debug|Any CPU.Build.0 = Debug|Any CPU
		{1B57CA1C-DA5E-45A4-8B7E-1B2017BB2C09}.Release|Any CPU.ActiveCfg = Release|Any CPU
		{1B57CA1C-DA5E-45A4-8B7E-1B2017BB2C09}.Release|Any CPU.Build.0 = Release|Any CPU
		{8F3AA2FC-5AE9-40D2-AC37-8A835DBA0FD4}.Debug|Any CPU.ActiveCfg = Debug|Any CPU
		{8F3AA2FC-5AE9-40D2-AC37-8A835DBA0FD4}.Debug|Any CPU.Build.0 = Debug|Any CPU
		{8F3AA2FC-5AE9-40D2-AC37-8A835DBA0FD4}.Release|Any CPU.ActiveCfg = Release|Any CPU
		{8F3AA2FC-5AE9-40D2-AC37-8A835DBA0FD4}.Release|Any CPU.Build.0 = Release|Any CPU
		{23FCAA9E-0AC8-48BC-9C8B-F2F7DC888FC5}.Debug|Any CPU.ActiveCfg = Debug|Any CPU
		{23FCAA9E-0AC8-48BC-9C8B-F2F7DC888FC5}.Debug|Any CPU.Build.0 = Debug|Any CPU
		{23FCAA9E-0AC8-48BC-9C8B-F2F7DC888FC5}.Release|Any CPU.ActiveCfg = Release|Any CPU
		{23FCAA9E-0AC8-48BC-9C8B-F2F7DC888FC5}.Release|Any CPU.Build.0 = Release|Any CPU
	EndGlobalSection
	GlobalSection(SolutionProperties) = preSolution
		HideSolutionNode = FALSE
	EndGlobalSection
	GlobalSection(ExtensibilityGlobals) = postSolution
		SolutionGuid = {9514A158-189E-452F-AA2B-8EC32B185DCC}
	EndGlobalSection
EndGlobal
